
Microsoft Visual Studio Solution File, Format Version 12.00
# Visual Studio 15
VisualStudioVersion = 15.0.26730.16
MinimumVisualStudioVersion = 10.0.40219.1
Project("{F184B08F-C81C-45F6-A57F-5ABD9991F28F}") = "Ultima1CharacterEditor", "Ultima1CharacterEditor\Ultima1CharacterEditor.vbproj", "{7BA54326-0607-44DF-BD48-44E060DCC74E}"
EndProject
Global
	GlobalSection(SolutionConfigurationPlatforms) = preSolution
		Debug|Any CPU = Debug|Any CPU
		Release|Any CPU = Release|Any CPU
	EndGlobalSection
	GlobalSection(ProjectConfigurationPlatforms) = postSolution
		{7BA54326-0607-44DF-BD48-44E060DCC74E}.Debug|Any CPU.ActiveCfg = Debug|Any CPU
		{7BA54326-0607-44DF-BD48-44E060DCC74E}.Debug|Any CPU.Build.0 = Debug|Any CPU
		{7BA54326-0607-44DF-BD48-44E060DCC74E}.Release|Any CPU.ActiveCfg = Release|Any CPU
		{7BA54326-0607-44DF-BD48-44E060DCC74E}.Release|Any CPU.Build.0 = Release|Any CPU
	EndGlobalSection
	GlobalSection(SolutionProperties) = preSolution
		HideSolutionNode = FALSE
	EndGlobalSection
	GlobalSection(ExtensibilityGlobals) = postSolution
		SolutionGuid = {2A8AC881-764D-48EE-8009-BF91AB014CA2}
	EndGlobalSection
	GlobalSection(TeamFoundationVersionControl) = preSolution
		SccNumberOfProjects = 2
		SccEnterpriseProvider = {4CA58AB2-18FA-4F8D-95D4-32DDF27D184C}
		SccTeamFoundationServer = http://gggscp1:8080/tfs/defaultcollection
		SccLocalPath0 = .
		SccProjectUniqueName1 = Ultima1CharacterEditor\\Ultima1CharacterEditor.vbproj
		SccProjectName1 = Ultima1CharacterEditor
		SccLocalPath1 = Ultima1CharacterEditor
	EndGlobalSection
EndGlobal
